
Microsoft Visual Studio Solution File, Format Version 12.00
# Visual Studio Version 16
VisualStudioVersion = 16.0.29201.188
MinimumVisualStudioVersion = 10.0.40219.1
Project("{FAE04EC0-301F-11D3-BF4B-00C04F79EFBC}") = "CTVoicer.Entidades", "CTVoicer.Entidades\CTVoicer.Entidades.csproj", "{D93498AA-C223-44AA-A5CE-6666A9D6126C}"
EndProject
Project("{9A19103F-16F7-4668-BE54-9A1E7A4F7556}") = "CTVoicer.API", "CTVoicer.API\CTVoicer.API.csproj", "{B4565912-C865-443B-B58F-3E4D6AB029C0}"
EndProject
Project("{FAE04EC0-301F-11D3-BF4B-00C04F79EFBC}") = "CTVoicer.Negocio", "CTVoicer.Negocio\CTVoicer.Negocio.csproj", "{7B954117-CEFC-4B4E-8137-E1F021071D7E}"
EndProject
Project("{FAE04EC0-301F-11D3-BF4B-00C04F79EFBC}") = "CTVoicer.Teste", "CTVoicer.Teste\CTVoicer.Teste.csproj", "{5716998F-F8A9-43F1-93E1-5C75AA6A0B09}"
EndProject
Project("{FAE04EC0-301F-11D3-BF4B-00C04F79EFBC}") = "CTVoicer.Web", "CTVoicer.Web\CTVoicer.Web.csproj", "{83208505-599B-4573-B0E9-0110275559A6}"
EndProject
Global
	GlobalSection(SolutionConfigurationPlatforms) = preSolution
		Debug|Any CPU = Debug|Any CPU
		Release|Any CPU = Release|Any CPU
	EndGlobalSection
	GlobalSection(ProjectConfigurationPlatforms) = postSolution
		{D93498AA-C223-44AA-A5CE-6666A9D6126C}.Debug|Any CPU.ActiveCfg = Debug|Any CPU
		{D93498AA-C223-44AA-A5CE-6666A9D6126C}.Debug|Any CPU.Build.0 = Debug|Any CPU
		{D93498AA-C223-44AA-A5CE-6666A9D6126C}.Release|Any CPU.ActiveCfg = Release|Any CPU
		{D93498AA-C223-44AA-A5CE-6666A9D6126C}.Release|Any CPU.Build.0 = Release|Any CPU
		{B4565912-C865-443B-B58F-3E4D6AB029C0}.Debug|Any CPU.ActiveCfg = Debug|Any CPU
		{B4565912-C865-443B-B58F-3E4D6AB029C0}.Debug|Any CPU.Build.0 = Debug|Any CPU
		{B4565912-C865-443B-B58F-3E4D6AB029C0}.Release|Any CPU.ActiveCfg = Release|Any CPU
		{B4565912-C865-443B-B58F-3E4D6AB029C0}.Release|Any CPU.Build.0 = Release|Any CPU
		{7B954117-CEFC-4B4E-8137-E1F021071D7E}.Debug|Any CPU.ActiveCfg = Debug|Any CPU
		{7B954117-CEFC-4B4E-8137-E1F021071D7E}.Debug|Any CPU.Build.0 = Debug|Any CPU
		{7B954117-CEFC-4B4E-8137-E1F021071D7E}.Release|Any CPU.ActiveCfg = Release|Any CPU
		{7B954117-CEFC-4B4E-8137-E1F021071D7E}.Release|Any CPU.Build.0 = Release|Any CPU
		{5716998F-F8A9-43F1-93E1-5C75AA6A0B09}.Debug|Any CPU.ActiveCfg = Debug|Any CPU
		{5716998F-F8A9-43F1-93E1-5C75AA6A0B09}.Debug|Any CPU.Build.0 = Debug|Any CPU
		{5716998F-F8A9-43F1-93E1-5C75AA6A0B09}.Release|Any CPU.ActiveCfg = Release|Any CPU
		{5716998F-F8A9-43F1-93E1-5C75AA6A0B09}.Release|Any CPU.Build.0 = Release|Any CPU
		{83208505-599B-4573-B0E9-0110275559A6}.Debug|Any CPU.ActiveCfg = Debug|Any CPU
		{83208505-599B-4573-B0E9-0110275559A6}.Debug|Any CPU.Build.0 = Debug|Any CPU
		{83208505-599B-4573-B0E9-0110275559A6}.Release|Any CPU.ActiveCfg = Release|Any CPU
		{83208505-599B-4573-B0E9-0110275559A6}.Release|Any CPU.Build.0 = Release|Any CPU
	EndGlobalSection
	GlobalSection(SolutionProperties) = preSolution
		HideSolutionNode = FALSE
	EndGlobalSection
	GlobalSection(ExtensibilityGlobals) = postSolution
		SolutionGuid = {2A0D2FF3-4A67-482C-8E83-59EB3215FC5B}
	EndGlobalSection
EndGlobal
